{
  "name": "xiaohongshu-mcp-server",
  "version": "1.0.2",
  "lockfileVersion": 3,
  "requires": true,
  "packages": {
    "": {
      "name": "xiaohongshu-mcp-server",
      "version": "1.0.2",
      "license": "MIT",
      "dependencies": {
        "redfox-mcp-server": ">=1.0.0"
      },
      "bin": {
        "xiaohongshu-mcp": "server.js"
      },
      "engines": {
        "node": ">=18"
      }
    },
    "node_modules/redfox-mcp-server": {
      "version": "1.0.1",
      "resolved": "https://registry.npmjs.org/redfox-mcp-server/-/redfox-mcp-server-1.0.1.tgz",
      "integrity": "sha512-6tppdtp7rE5Ank1VNUyBIZpFR4PFYVDjVB1khThfQTWK5wwj8sTojWxlsH5ezBAr/v4Pd5WgaIPl+wWq5Jz+6Q==",
      "license": "MIT",
      "bin": {
        "redfox-mcp": "server.js"
      },
      "engines": {
        "node": ">=18"
      }
    }
  }
}
